// !$*UTF8*$!
{
	archiveVersion = 1;
	classes = {
	};
	objectVersion = 51;
	objects = {

/* Begin PBXBuildFile section */
		8E49187ED12B7BE4267C141C /* Pods_Kalendar.framework in Frameworks */ = {isa = PBXBuildFile; fileRef = 49AC970D9B81B32394FEC1F2 /* Pods_Kalendar.framework */; };
		C52EC0302417359F00908012 /* AppDelegate.swift in Sources */ = {isa = PBXBuildFile; fileRef = C52EC02F2417359F00908012 /* AppDelegate.swift */; };
		C52EC0322417359F00908012 /* SceneDelegate.swift in Sources */ = {isa = PBXBuildFile; fileRef = C52EC0312417359F00908012 /* SceneDelegate.swift */; };
		C52EC0342417359F00908012 /* ContentView.swift in Sources */ = {isa = PBXBuildFile; fileRef = C52EC0332417359F00908012 /* ContentView.swift */; };
		C52EC036241735A500908012 /* Assets.xcassets in Resources */ = {isa = PBXBuildFile; fileRef = C52EC035241735A500908012 /* Assets.xcassets */; };
		C52EC039241735A500908012 /* Preview Assets.xcassets in Resources */ = {isa = PBXBuildFile; fileRef = C52EC038241735A500908012 /* Preview Assets.xcassets */; };
		C52EC03C241735A500908012 /* LaunchScreen.storyboard in Resources */ = {isa = PBXBuildFile; fileRef = C52EC03A241735A500908012 /* LaunchScreen.storyboard */; };
		C52EC047241735A500908012 /* KalendarTests.swift in Sources */ = {isa = PBXBuildFile; fileRef = C52EC046241735A500908012 /* KalendarTests.swift */; };
		C52EC052241735A500908012 /* KalendarUITests.swift in Sources */ = {isa = PBXBuildFile; fileRef = C52EC051241735A500908012 /* KalendarUITests.swift */; };
		C53DA8D32419F96A0089CE2B /* Artist.swift in Sources */ = {isa = PBXBuildFile; fileRef = C53DA8D22419F96A0089CE2B /* Artist.swift */; };
		C53DA8D62419FE7C0089CE2B /* Company.swift in Sources */ = {isa = PBXBuildFile; fileRef = C53DA8D52419FE7C0089CE2B /* Company.swift */; };
		C53DA8D82419FEBB0089CE2B /* SocialLinks.swift in Sources */ = {isa = PBXBuildFile; fileRef = C53DA8D72419FEBB0089CE2B /* SocialLinks.swift */; };
		C53DA8DA2419FF000089CE2B /* ArtistImages.swift in Sources */ = {isa = PBXBuildFile; fileRef = C53DA8D92419FF000089CE2B /* ArtistImages.swift */; };
		C53DA8DC2419FFF80089CE2B /* Group.swift in Sources */ = {isa = PBXBuildFile; fileRef = C53DA8DB2419FFF80089CE2B /* Group.swift */; };
		C53DA8DF241A01FB0089CE2B /* Soloist.swift in Sources */ = {isa = PBXBuildFile; fileRef = C53DA8DE241A01FB0089CE2B /* Soloist.swift */; };
		C53DA8E1241A027A0089CE2B /* ArtistDetails.swift in Sources */ = {isa = PBXBuildFile; fileRef = C53DA8E0241A027A0089CE2B /* ArtistDetails.swift */; };
		C53E532524270E1500B6954E /* RegisterViewController.graphql in Resources */ = {isa = PBXBuildFile; fileRef = C53E532424270E1500B6954E /* RegisterViewController.graphql */; };
		C5409FEF241CC1EC007BE636 /* SocialLinksDisplay.swift in Sources */ = {isa = PBXBuildFile; fileRef = C5409FEE241CC1EC007BE636 /* SocialLinksDisplay.swift */; };
		C541BF7924280BD100C2D3A5 /* ArtistController.swift in Sources */ = {isa = PBXBuildFile; fileRef = C541BF7824280BD100C2D3A5 /* ArtistController.swift */; };
		C541BF7B242827C100C2D3A5 /* API.swift in Sources */ = {isa = PBXBuildFile; fileRef = C541BF7A242827C100C2D3A5 /* API.swift */; };
		C545FE4D241D6B3A00356EB3 /* extensions.swift in Sources */ = {isa = PBXBuildFile; fileRef = C545FE4C241D6B3A00356EB3 /* extensions.swift */; };
		C545FE50241D6EEC00356EB3 /* sampleData.swift in Sources */ = {isa = PBXBuildFile; fileRef = C545FE4F241D6EEC00356EB3 /* sampleData.swift */; };
		C56856AC24273F8F00129C18 /* RegisterViewController.swift in Sources */ = {isa = PBXBuildFile; fileRef = C56856AB24273F8F00129C18 /* RegisterViewController.swift */; };
		C5BD08D5241ED73B0035D8FF /* ArtistCard.swift in Sources */ = {isa = PBXBuildFile; fileRef = C5BD08D4241ED73B0035D8FF /* ArtistCard.swift */; };
		C5C38E522425FD3C00DBB3BF /* Podfile in Resources */ = {isa = PBXBuildFile; fileRef = C5C38E512425FD3C00DBB3BF /* Podfile */; };
		C5E71D82241D8144002C221A /* Release.swift in Sources */ = {isa = PBXBuildFile; fileRef = C5E71D81241D8144002C221A /* Release.swift */; };
		C5E71D85241D83F7002C221A /* ReleaseCard.swift in Sources */ = {isa = PBXBuildFile; fileRef = C5E71D84241D83F7002C221A /* ReleaseCard.swift */; };
/* End PBXBuildFile section */

/* Begin PBXContainerItemProxy section */
		C52EC043241735A500908012 /* PBXContainerItemProxy */ = {
			isa = PBXContainerItemProxy;
			containerPortal = C52EC0242417359F00908012 /* Project object */;
			proxyType = 1;
			remoteGlobalIDString = C52EC02B2417359F00908012;
			remoteInfo = Kalendar;
		};
		C52EC04E241735A500908012 /* PBXContainerItemProxy */ = {
			isa = PBXContainerItemProxy;
			containerPortal = C52EC0242417359F00908012 /* Project object */;
			proxyType = 1;
			remoteGlobalIDString = C52EC02B2417359F00908012;
			remoteInfo = Kalendar;
		};
/* End PBXContainerItemProxy section */

/* Begin PBXFileReference section */
		49AC970D9B81B32394FEC1F2 /* Pods_Kalendar.framework */ = {isa = PBXFileReference; explicitFileType = wrapper.framework; includeInIndex = 0; path = Pods_Kalendar.framework; sourceTree = BUILT_PRODUCTS_DIR; };
		5AA123028919F071FDAECA96 /* Pods-Kalendar.release.xcconfig */ = {isa = PBXFileReference; includeInIndex = 1; lastKnownFileType = text.xcconfig; name = "Pods-Kalendar.release.xcconfig"; path = "Target Support Files/Pods-Kalendar/Pods-Kalendar.release.xcconfig"; sourceTree = "<group>"; };
		6D482823A72CB21ECDAFF9FC /* Pods-Kalendar.debug.xcconfig */ = {isa = PBXFileReference; includeInIndex = 1; lastKnownFileType = text.xcconfig; name = "Pods-Kalendar.debug.xcconfig"; path = "Target Support Files/Pods-Kalendar/Pods-Kalendar.debug.xcconfig"; sourceTree = "<group>"; };
		C52EC02C2417359F00908012 /* Kalendar.app */ = {isa = PBXFileReference; explicitFileType = wrapper.application; includeInIndex = 0; path = Kalendar.app; sourceTree = BUILT_PRODUCTS_DIR; };
		C52EC02F2417359F00908012 /* AppDelegate.swift */ = {isa = PBXFileReference; lastKnownFileType = sourcecode.swift; path = AppDelegate.swift; sourceTree = "<group>"; };
		C52EC0312417359F00908012 /* SceneDelegate.swift */ = {isa = PBXFileReference; lastKnownFileType = sourcecode.swift; path = SceneDelegate.swift; sourceTree = "<group>"; };
		C52EC0332417359F00908012 /* ContentView.swift */ = {isa = PBXFileReference; lastKnownFileType = sourcecode.swift; path = ContentView.swift; sourceTree = "<group>"; };
		C52EC035241735A500908012 /* Assets.xcassets */ = {isa = PBXFileReference; lastKnownFileType = folder.assetcatalog; path = Assets.xcassets; sourceTree = "<group>"; };
		C52EC038241735A500908012 /* Preview Assets.xcassets */ = {isa = PBXFileReference; lastKnownFileType = folder.assetcatalog; path = "Preview Assets.xcassets"; sourceTree = "<group>"; };
		C52EC03B241735A500908012 /* Base */ = {isa = PBXFileReference; lastKnownFileType = file.storyboard; name = Base; path = Base.lproj/LaunchScreen.storyboard; sourceTree = "<group>"; };
		C52EC03D241735A500908012 /* Info.plist */ = {isa = PBXFileReference; lastKnownFileType = text.plist.xml; path = Info.plist; sourceTree = "<group>"; };
		C52EC042241735A500908012 /* KalendarTests.xctest */ = {isa = PBXFileReference; explicitFileType = wrapper.cfbundle; includeInIndex = 0; path = KalendarTests.xctest; sourceTree = BUILT_PRODUCTS_DIR; };
		C52EC046241735A500908012 /* KalendarTests.swift */ = {isa = PBXFileReference; lastKnownFileType = sourcecode.swift; path = KalendarTests.swift; sourceTree = "<group>"; };
		C52EC048241735A500908012 /* Info.plist */ = {isa = PBXFileReference; lastKnownFileType = text.plist.xml; path = Info.plist; sourceTree = "<group>"; };
		C52EC04D241735A500908012 /* KalendarUITests.xctest */ = {isa = PBXFileReference; explicitFileType = wrapper.cfbundle; includeInIndex = 0; path = KalendarUITests.xctest; sourceTree = BUILT_PRODUCTS_DIR; };
		C52EC051241735A500908012 /* KalendarUITests.swift */ = {isa = PBXFileReference; lastKnownFileType = sourcecode.swift; path = KalendarUITests.swift; sourceTree = "<group>"; };
		C52EC053241735A500908012 /* Info.plist */ = {isa = PBXFileReference; lastKnownFileType = text.plist.xml; path = Info.plist; sourceTree = "<group>"; };
		C53DA8D02419F8DB0089CE2B /* README.md */ = {isa = PBXFileReference; lastKnownFileType = net.daringfireball.markdown; path = README.md; sourceTree = "<group>"; };
		C53DA8D22419F96A0089CE2B /* Artist.swift */ = {isa = PBXFileReference; lastKnownFileType = sourcecode.swift; path = Artist.swift; sourceTree = "<group>"; };
		C53DA8D52419FE7C0089CE2B /* Company.swift */ = {isa = PBXFileReference; lastKnownFileType = sourcecode.swift; path = Company.swift; sourceTree = "<group>"; };
		C53DA8D72419FEBB0089CE2B /* SocialLinks.swift */ = {isa = PBXFileReference; lastKnownFileType = sourcecode.swift; path = SocialLinks.swift; sourceTree = "<group>"; };
		C53DA8D92419FF000089CE2B /* ArtistImages.swift */ = {isa = PBXFileReference; lastKnownFileType = sourcecode.swift; path = ArtistImages.swift; sourceTree = "<group>"; };
		C53DA8DB2419FFF80089CE2B /* Group.swift */ = {isa = PBXFileReference; lastKnownFileType = sourcecode.swift; path = Group.swift; sourceTree = "<group>"; };
		C53DA8DE241A01FB0089CE2B /* Soloist.swift */ = {isa = PBXFileReference; lastKnownFileType = sourcecode.swift; path = Soloist.swift; sourceTree = "<group>"; };
		C53DA8E0241A027A0089CE2B /* ArtistDetails.swift */ = {isa = PBXFileReference; lastKnownFileType = sourcecode.swift; path = ArtistDetails.swift; sourceTree = "<group>"; };
		C53E532424270E1500B6954E /* RegisterViewController.graphql */ = {isa = PBXFileReference; lastKnownFileType = text; path = RegisterViewController.graphql; sourceTree = "<group>"; };
		C5409FEE241CC1EC007BE636 /* SocialLinksDisplay.swift */ = {isa = PBXFileReference; lastKnownFileType = sourcecode.swift; path = SocialLinksDisplay.swift; sourceTree = "<group>"; };
		C541BF7824280BD100C2D3A5 /* ArtistController.swift */ = {isa = PBXFileReference; lastKnownFileType = sourcecode.swift; path = ArtistController.swift; sourceTree = "<group>"; };
		C541BF7A242827C100C2D3A5 /* API.swift */ = {isa = PBXFileReference; fileEncoding = 4; lastKnownFileType = sourcecode.swift; path = API.swift; sourceTree = "<group>"; };
		C545FE4C241D6B3A00356EB3 /* extensions.swift */ = {isa = PBXFileReference; lastKnownFileType = sourcecode.swift; path = extensions.swift; sourceTree = "<group>"; };
		C545FE4F241D6EEC00356EB3 /* sampleData.swift */ = {isa = PBXFileReference; lastKnownFileType = sourcecode.swift; path = sampleData.swift; sourceTree = "<group>"; };
		C56856AB24273F8F00129C18 /* RegisterViewController.swift */ = {isa = PBXFileReference; lastKnownFileType = sourcecode.swift; path = RegisterViewController.swift; sourceTree = "<group>"; };
		C5BD08D4241ED73B0035D8FF /* ArtistCard.swift */ = {isa = PBXFileReference; lastKnownFileType = sourcecode.swift; name = ArtistCard.swift; path = /Users/johnivison/personal/Kalendar/ios/Kalendar/Artist/ArtistCard.swift; sourceTree = "<absolute>"; };
		C5C38E512425FD3C00DBB3BF /* Podfile */ = {isa = PBXFileReference; fileEncoding = 4; lastKnownFileType = text; path = Podfile; sourceTree = SOURCE_ROOT; xcLanguageSpecificationIdentifier = xcode.lang.ruby; };
		C5E71D81241D8144002C221A /* Release.swift */ = {isa = PBXFileReference; lastKnownFileType = sourcecode.swift; path = Release.swift; sourceTree = "<group>"; };
		C5E71D84241D83F7002C221A /* ReleaseCard.swift */ = {isa = PBXFileReference; lastKnownFileType = sourcecode.swift; path = ReleaseCard.swift; sourceTree = "<group>"; };
/* End PBXFileReference section */

/* Begin PBXFrameworksBuildPhase section */
		C52EC0292417359F00908012 /* Frameworks */ = {
			isa = PBXFrameworksBuildPhase;
			buildActionMask = 2147483647;
			files = (
				8E49187ED12B7BE4267C141C /* Pods_Kalendar.framework in Frameworks */,
			);
			runOnlyForDeploymentPostprocessing = 0;
		};
		C52EC03F241735A500908012 /* Frameworks */ = {
			isa = PBXFrameworksBuildPhase;
			buildActionMask = 2147483647;
			files = (
			);
			runOnlyForDeploymentPostprocessing = 0;
		};
		C52EC04A241735A500908012 /* Frameworks */ = {
			isa = PBXFrameworksBuildPhase;
			buildActionMask = 2147483647;
			files = (
			);
			runOnlyForDeploymentPostprocessing = 0;
		};
/* End PBXFrameworksBuildPhase section */

/* Begin PBXGroup section */
		2393C8BBFD4158001028BA46 /* Frameworks */ = {
			isa = PBXGroup;
			children = (
				49AC970D9B81B32394FEC1F2 /* Pods_Kalendar.framework */,
			);
			name = Frameworks;
			sourceTree = "<group>";
		};
		539D83ED31595D7FAEC9B414 /* Pods */ = {
			isa = PBXGroup;
			children = (
				6D482823A72CB21ECDAFF9FC /* Pods-Kalendar.debug.xcconfig */,
				5AA123028919F071FDAECA96 /* Pods-Kalendar.release.xcconfig */,
			);
			path = Pods;
			sourceTree = "<group>";
		};
		C52EC0232417359F00908012 = {
			isa = PBXGroup;
			children = (
				C53DA8D02419F8DB0089CE2B /* README.md */,
				C52EC02E2417359F00908012 /* Kalendar */,
				C52EC045241735A500908012 /* KalendarTests */,
				C52EC050241735A500908012 /* KalendarUITests */,
				C52EC02D2417359F00908012 /* Products */,
				C5C38E512425FD3C00DBB3BF /* Podfile */,
				539D83ED31595D7FAEC9B414 /* Pods */,
				2393C8BBFD4158001028BA46 /* Frameworks */,
			);
			sourceTree = "<group>";
		};
		C52EC02D2417359F00908012 /* Products */ = {
			isa = PBXGroup;
			children = (
				C52EC02C2417359F00908012 /* Kalendar.app */,
				C52EC042241735A500908012 /* KalendarTests.xctest */,
				C52EC04D241735A500908012 /* KalendarUITests.xctest */,
			);
			name = Products;
			sourceTree = "<group>";
		};
		C52EC02E2417359F00908012 /* Kalendar */ = {
			isa = PBXGroup;
			children = (
				C541BF7A242827C100C2D3A5 /* API.swift */,
				C5C38E502425FCAD00DBB3BF /* GraphQL */,
				C5E71D83241D836F002C221A /* Release */,
				C545FE4E241D6EDE00356EB3 /* Data */,
				C53DA8DD241A01E40089CE2B /* Artist */,
				C53DA8D12419F9550089CE2B /* Models */,
				C52EC02F2417359F00908012 /* AppDelegate.swift */,
				C52EC0312417359F00908012 /* SceneDelegate.swift */,
				C52EC0332417359F00908012 /* ContentView.swift */,
				C52EC035241735A500908012 /* Assets.xcassets */,
				C52EC03A241735A500908012 /* LaunchScreen.storyboard */,
				C52EC03D241735A500908012 /* Info.plist */,
				C52EC037241735A500908012 /* Preview Content */,
				C545FE4C241D6B3A00356EB3 /* extensions.swift */,
			);
			path = Kalendar;
			sourceTree = "<group>";
		};
		C52EC037241735A500908012 /* Preview Content */ = {
			isa = PBXGroup;
			children = (
				C52EC038241735A500908012 /* Preview Assets.xcassets */,
			);
			path = "Preview Content";
			sourceTree = "<group>";
		};
		C52EC045241735A500908012 /* KalendarTests */ = {
			isa = PBXGroup;
			children = (
				C52EC046241735A500908012 /* KalendarTests.swift */,
				C52EC048241735A500908012 /* Info.plist */,
			);
			path = KalendarTests;
			sourceTree = "<group>";
		};
		C52EC050241735A500908012 /* KalendarUITests */ = {
			isa = PBXGroup;
			children = (
				C52EC051241735A500908012 /* KalendarUITests.swift */,
				C52EC053241735A500908012 /* Info.plist */,
			);
			path = KalendarUITests;
			sourceTree = "<group>";
		};
		C53DA8D12419F9550089CE2B /* Models */ = {
			isa = PBXGroup;
			children = (
				C53DA8D22419F96A0089CE2B /* Artist.swift */,
				C53DA8D52419FE7C0089CE2B /* Company.swift */,
				C53DA8D72419FEBB0089CE2B /* SocialLinks.swift */,
				C53DA8D92419FF000089CE2B /* ArtistImages.swift */,
				C53DA8DB2419FFF80089CE2B /* Group.swift */,
				C53DA8DE241A01FB0089CE2B /* Soloist.swift */,
				C5E71D81241D8144002C221A /* Release.swift */,
			);
			path = Models;
			sourceTree = "<group>";
		};
		C53DA8DD241A01E40089CE2B /* Artist */ = {
			isa = PBXGroup;
			children = (
				C53DA8E0241A027A0089CE2B /* ArtistDetails.swift */,
				C5BD08D4241ED73B0035D8FF /* ArtistCard.swift */,
				C5409FEE241CC1EC007BE636 /* SocialLinksDisplay.swift */,
			);
			path = Artist;
			sourceTree = "<group>";
		};
		C541BF7724280BC200C2D3A5 /* Artist */ = {
			isa = PBXGroup;
			children = (
				C541BF7824280BD100C2D3A5 /* ArtistController.swift */,
			);
			path = Artist;
			sourceTree = "<group>";
		};
		C545FE4E241D6EDE00356EB3 /* Data */ = {
			isa = PBXGroup;
			children = (
				C545FE4F241D6EEC00356EB3 /* sampleData.swift */,
			);
			path = Data;
			sourceTree = "<group>";
		};
		C5C38E502425FCAD00DBB3BF /* GraphQL */ = {
			isa = PBXGroup;
			children = (
				C541BF7724280BC200C2D3A5 /* Artist */,
				C53E532424270E1500B6954E /* RegisterViewController.graphql */,
				C56856AB24273F8F00129C18 /* RegisterViewController.swift */,
			);
			path = GraphQL;
			sourceTree = "<group>";
		};
		C5E71D83241D836F002C221A /* Release */ = {
			isa = PBXGroup;
			children = (
				C5E71D84241D83F7002C221A /* ReleaseCard.swift */,
			);
			path = Release;
			sourceTree = "<group>";
		};
/* End PBXGroup section */

/* Begin PBXNativeTarget section */
		C52EC02B2417359F00908012 /* Kalendar */ = {
			isa = PBXNativeTarget;
			buildConfigurationList = C52EC056241735A500908012 /* Build configuration list for PBXNativeTarget "Kalendar" */;
			buildPhases = (
				9140E7F7DEB04852C705EEBF /* [CP] Check Pods Manifest.lock */,
				C53E532324270C1900B6954E /* Generate Apollo GraphQL API */,
				C52EC0282417359F00908012 /* Sources */,
				C52EC0292417359F00908012 /* Frameworks */,
				C52EC02A2417359F00908012 /* Resources */,
				94A84F486851F5EC0BDECF4E /* [CP] Embed Pods Frameworks */,
			);
			buildRules = (
			);
			dependencies = (
			);
			name = Kalendar;
			productName = Kalendar;
			productReference = C52EC02C2417359F00908012 /* Kalendar.app */;
			productType = "com.apple.product-type.application";
		};
		C52EC041241735A500908012 /* KalendarTests */ = {
			isa = PBXNativeTarget;
			buildConfigurationList = C52EC059241735A500908012 /* Build configuration list for PBXNativeTarget "KalendarTests" */;
			buildPhases = (
				C52EC03E241735A500908012 /* Sources */,
				C52EC03F241735A500908012 /* Frameworks */,
				C52EC040241735A500908012 /* Resources */,
			);
			buildRules = (
			);
			dependencies = (
				C52EC044241735A500908012 /* PBXTargetDependency */,
			);
			name = KalendarTests;
			productName = KalendarTests;
			productReference = C52EC042241735A500908012 /* KalendarTests.xctest */;
			productType = "com.apple.product-type.bundle.unit-test";
		};
		C52EC04C241735A500908012 /* KalendarUITests */ = {
			isa = PBXNativeTarget;
			buildConfigurationList = C52EC05C241735A500908012 /* Build configuration list for PBXNativeTarget "KalendarUITests" */;
			buildPhases = (
				C52EC049241735A500908012 /* Sources */,
				C52EC04A241735A500908012 /* Frameworks */,
				C52EC04B241735A500908012 /* Resources */,
			);
			buildRules = (
			);
			dependencies = (
				C52EC04F241735A500908012 /* PBXTargetDependency */,
			);
			name = KalendarUITests;
			productName = KalendarUITests;
			productReference = C52EC04D241735A500908012 /* KalendarUITests.xctest */;
			productType = "com.apple.product-type.bundle.ui-testing";
		};
/* End PBXNativeTarget section */

/* Begin PBXProject section */
		C52EC0242417359F00908012 /* Project object */ = {
			isa = PBXProject;
			attributes = {
				LastSwiftUpdateCheck = 1130;
				LastUpgradeCheck = 1130;
				ORGANIZATIONNAME = "John Ivison";
				TargetAttributes = {
					C52EC02B2417359F00908012 = {
						CreatedOnToolsVersion = 11.3.1;
					};
					C52EC041241735A500908012 = {
						CreatedOnToolsVersion = 11.3.1;
						TestTargetID = C52EC02B2417359F00908012;
					};
					C52EC04C241735A500908012 = {
						CreatedOnToolsVersion = 11.3.1;
						TestTargetID = C52EC02B2417359F00908012;
					};
				};
			};
			buildConfigurationList = C52EC0272417359F00908012 /* Build configuration list for PBXProject "Kalendar" */;
			compatibilityVersion = "Xcode 9.3";
			developmentRegion = en;
			hasScannedForEncodings = 0;
			knownRegions = (
				en,
				Base,
			);
			mainGroup = C52EC0232417359F00908012;
			productRefGroup = C52EC02D2417359F00908012 /* Products */;
			projectDirPath = "";
			projectRoot = "";
			targets = (
				C52EC02B2417359F00908012 /* Kalendar */,
				C52EC041241735A500908012 /* KalendarTests */,
				C52EC04C241735A500908012 /* KalendarUITests */,
			);
		};
/* End PBXProject section */

/* Begin PBXResourcesBuildPhase section */
		C52EC02A2417359F00908012 /* Resources */ = {
			isa = PBXResourcesBuildPhase;
			buildActionMask = 2147483647;
			files = (
				C52EC03C241735A500908012 /* LaunchScreen.storyboard in Resources */,
				C52EC039241735A500908012 /* Preview Assets.xcassets in Resources */,
				C53E532524270E1500B6954E /* RegisterViewController.graphql in Resources */,
				C5C38E522425FD3C00DBB3BF /* Podfile in Resources */,
				C52EC036241735A500908012 /* Assets.xcassets in Resources */,
			);
			runOnlyForDeploymentPostprocessing = 0;
		};
		C52EC040241735A500908012 /* Resources */ = {
			isa = PBXResourcesBuildPhase;
			buildActionMask = 2147483647;
			files = (
			);
			runOnlyForDeploymentPostprocessing = 0;
		};
		C52EC04B241735A500908012 /* Resources */ = {
			isa = PBXResourcesBuildPhase;
			buildActionMask = 2147483647;
			files = (
			);
			runOnlyForDeploymentPostprocessing = 0;
		};
/* End PBXResourcesBuildPhase section */

/* Begin PBXShellScriptBuildPhase section */
		9140E7F7DEB04852C705EEBF /* [CP] Check Pods Manifest.lock */ = {
			isa = PBXShellScriptBuildPhase;
			buildActionMask = 2147483647;
			files = (
			);
			inputFileListPaths = (
			);
			inputPaths = (
				"${PODS_PODFILE_DIR_PATH}/Podfile.lock",
				"${PODS_ROOT}/Manifest.lock",
			);
			name = "[CP] Check Pods Manifest.lock";
			outputFileListPaths = (
			);
			outputPaths = (
				"$(DERIVED_FILE_DIR)/Pods-Kalendar-checkManifestLockResult.txt",
			);
			runOnlyForDeploymentPostprocessing = 0;
			shellPath = /bin/sh;
			shellScript = "diff \"${PODS_PODFILE_DIR_PATH}/Podfile.lock\" \"${PODS_ROOT}/Manifest.lock\" > /dev/null\nif [ $? != 0 ] ; then\n    # print error to STDERR\n    echo \"error: The sandbox is not in sync with the Podfile.lock. Run 'pod install' or update your CocoaPods installation.\" >&2\n    exit 1\nfi\n# This output is used by Xcode 'outputs' to avoid re-running this script phase.\necho \"SUCCESS\" > \"${SCRIPT_OUTPUT_FILE_0}\"\n";
			showEnvVarsInLog = 0;
		};
		94A84F486851F5EC0BDECF4E /* [CP] Embed Pods Frameworks */ = {
			isa = PBXShellScriptBuildPhase;
			buildActionMask = 2147483647;
			files = (
			);
			inputFileListPaths = (
				"${PODS_ROOT}/Target Support Files/Pods-Kalendar/Pods-Kalendar-frameworks-${CONFIGURATION}-input-files.xcfilelist",
			);
			name = "[CP] Embed Pods Frameworks";
			outputFileListPaths = (
				"${PODS_ROOT}/Target Support Files/Pods-Kalendar/Pods-Kalendar-frameworks-${CONFIGURATION}-output-files.xcfilelist",
			);
			runOnlyForDeploymentPostprocessing = 0;
			shellPath = /bin/sh;
			shellScript = "\"${PODS_ROOT}/Target Support Files/Pods-Kalendar/Pods-Kalendar-frameworks.sh\"\n";
			showEnvVarsInLog = 0;
		};
		C53E532324270C1900B6954E /* Generate Apollo GraphQL API */ = {
			isa = PBXShellScriptBuildPhase;
			buildActionMask = 2147483647;
			files = (
			);
			inputFileListPaths = (
			);
			inputPaths = (
			);
			name = "Generate Apollo GraphQL API";
			outputFileListPaths = (
			);
			outputPaths = (
			);
			runOnlyForDeploymentPostprocessing = 0;
			shellPath = /bin/sh;
			shellScript = "cd \"${SRCROOT}\"/Codegen\nswift run\n";
		};
/* End PBXShellScriptBuildPhase section */

/* Begin PBXSourcesBuildPhase section */
		C52EC0282417359F00908012 /* Sources */ = {
			isa = PBXSourcesBuildPhase;
			buildActionMask = 2147483647;
			files = (
				C53DA8D82419FEBB0089CE2B /* SocialLinks.swift in Sources */,
				C541BF7B242827C100C2D3A5 /* API.swift in Sources */,
				C5E71D82241D8144002C221A /* Release.swift in Sources */,
				C52EC0302417359F00908012 /* AppDelegate.swift in Sources */,
				C52EC0322417359F00908012 /* SceneDelegate.swift in Sources */,
				C53DA8DF241A01FB0089CE2B /* Soloist.swift in Sources */,
				C53DA8DC2419FFF80089CE2B /* Group.swift in Sources */,
				C53DA8D32419F96A0089CE2B /* Artist.swift in Sources */,
				C5E71D85241D83F7002C221A /* ReleaseCard.swift in Sources */,
				C541BF7924280BD100C2D3A5 /* ArtistController.swift in Sources */,
				C53DA8D62419FE7C0089CE2B /* Company.swift in Sources */,
				C56856AC24273F8F00129C18 /* RegisterViewController.swift in Sources */,
				C53DA8DA2419FF000089CE2B /* ArtistImages.swift in Sources */,
				C5409FEF241CC1EC007BE636 /* SocialLinksDisplay.swift in Sources */,
				C545FE50241D6EEC00356EB3 /* sampleData.swift in Sources */,
				C5BD08D5241ED73B0035D8FF /* ArtistCard.swift in Sources */,
				C52EC0342417359F00908012 /* ContentView.swift in Sources */,
				C53DA8E1241A027A0089CE2B /* ArtistDetails.swift in Sources */,
				C545FE4D241D6B3A00356EB3 /* extensions.swift in Sources */,
			);
			runOnlyForDeploymentPostprocessing = 0;
		};
		C52EC03E241735A500908012 /* Sources */ = {
			isa = PBXSourcesBuildPhase;
			buildActionMask = 2147483647;
			files = (
				C52EC047241735A500908012 /* KalendarTests.swift in Sources */,
			);
			runOnlyForDeploymentPostprocessing = 0;
		};
		C52EC049241735A500908012 /* Sources */ = {
			isa = PBXSourcesBuildPhase;
			buildActionMask = 2147483647;
			files = (
				C52EC052241735A500908012 /* KalendarUITests.swift in Sources */,
			);
			runOnlyForDeploymentPostprocessing = 0;
		};
/* End PBXSourcesBuildPhase section */

/* Begin PBXTargetDependency section */
		C52EC044241735A500908012 /* PBXTargetDependency */ = {
			isa = PBXTargetDependency;
			target = C52EC02B2417359F00908012 /* Kalendar */;
			targetProxy = C52EC043241735A500908012 /* PBXContainerItemProxy */;
		};
		C52EC04F241735A500908012 /* PBXTargetDependency */ = {
			isa = PBXTargetDependency;
			target = C52EC02B2417359F00908012 /* Kalendar */;
			targetProxy = C52EC04E241735A500908012 /* PBXContainerItemProxy */;
		};
/* End PBXTargetDependency section */

/* Begin PBXVariantGroup section */
		C52EC03A241735A500908012 /* LaunchScreen.storyboard */ = {
			isa = PBXVariantGroup;
			children = (
				C52EC03B241735A500908012 /* Base */,
			);
			name = LaunchScreen.storyboard;
			sourceTree = "<group>";
		};
/* End PBXVariantGroup section */

/* Begin XCBuildConfiguration section */
		C52EC054241735A500908012 /* Debug */ = {
			isa = XCBuildConfiguration;
			buildSettings = {
				ALWAYS_SEARCH_USER_PATHS = NO;
				CLANG_ANALYZER_NONNULL = YES;
				CLANG_ANALYZER_NUMBER_OBJECT_CONVERSION = YES_AGGRESSIVE;
				CLANG_CXX_LANGUAGE_STANDARD = "gnu++14";
				CLANG_CXX_LIBRARY = "libc++";
				CLANG_ENABLE_MODULES = YES;
				CLANG_ENABLE_OBJC_ARC = YES;
				CLANG_ENABLE_OBJC_WEAK = YES;
				CLANG_WARN_BLOCK_CAPTURE_AUTORELEASING = YES;
				CLANG_WARN_BOOL_CONVERSION = YES;
				CLANG_WARN_COMMA = YES;
				CLANG_WARN_CONSTANT_CONVERSION = YES;
				CLANG_WARN_DEPRECATED_OBJC_IMPLEMENTATIONS = YES;
				CLANG_WARN_DIRECT_OBJC_ISA_USAGE = YES_ERROR;
				CLANG_WARN_DOCUMENTATION_COMMENTS = YES;
				CLANG_WARN_EMPTY_BODY = YES;
				CLANG_WARN_ENUM_CONVERSION = YES;
				CLANG_WARN_INFINITE_RECURSION = YES;
				CLANG_WARN_INT_CONVERSION = YES;
				CLANG_WARN_NON_LITERAL_NULL_CONVERSION = YES;
				CLANG_WARN_OBJC_IMPLICIT_RETAIN_SELF = YES;
				CLANG_WARN_OBJC_LITERAL_CONVERSION = YES;
				CLANG_WARN_OBJC_ROOT_CLASS = YES_ERROR;
				CLANG_WARN_RANGE_LOOP_ANALYSIS = YES;
				CLANG_WARN_STRICT_PROTOTYPES = YES;
				CLANG_WARN_SUSPICIOUS_MOVE = YES;
				CLANG_WARN_UNGUARDED_AVAILABILITY = YES_AGGRESSIVE;
				CLANG_WARN_UNREACHABLE_CODE = YES;
				CLANG_WARN__DUPLICATE_METHOD_MATCH = YES;
				COPY_PHASE_STRIP = NO;
				DEBUG_INFORMATION_FORMAT = dwarf;
				ENABLE_STRICT_OBJC_MSGSEND = YES;
				ENABLE_TESTABILITY = YES;
				GCC_C_LANGUAGE_STANDARD = gnu11;
				GCC_DYNAMIC_NO_PIC = NO;
				GCC_NO_COMMON_BLOCKS = YES;
				GCC_OPTIMIZATION_LEVEL = 0;
				GCC_PREPROCESSOR_DEFINITIONS = (
					"DEBUG=1",
					"$(inherited)",
				);
				GCC_WARN_64_TO_32_BIT_CONVERSION = YES;
				GCC_WARN_ABOUT_RETURN_TYPE = YES_ERROR;
				GCC_WARN_UNDECLARED_SELECTOR = YES;
				GCC_WARN_UNINITIALIZED_AUTOS = YES_AGGRESSIVE;
				GCC_WARN_UNUSED_FUNCTION = YES;
				GCC_WARN_UNUSED_VARIABLE = YES;
				IPHONEOS_DEPLOYMENT_TARGET = 13.2;
				MTL_ENABLE_DEBUG_INFO = INCLUDE_SOURCE;
				MTL_FAST_MATH = YES;
				ONLY_ACTIVE_ARCH = YES;
				SDKROOT = iphoneos;
				SWIFT_ACTIVE_COMPILATION_CONDITIONS = DEBUG;
				SWIFT_OPTIMIZATION_LEVEL = "-Onone";
			};
			name = Debug;
		};
		C52EC055241735A500908012 /* Release */ = {
			isa = XCBuildConfiguration;
			buildSettings = {
				ALWAYS_SEARCH_USER_PATHS = NO;
				CLANG_ANALYZER_NONNULL = YES;
				CLANG_ANALYZER_NUMBER_OBJECT_CONVERSION = YES_AGGRESSIVE;
				CLANG_CXX_LANGUAGE_STANDARD = "gnu++14";
				CLANG_CXX_LIBRARY = "libc++";
				CLANG_ENABLE_MODULES = YES;
				CLANG_ENABLE_OBJC_ARC = YES;
				CLANG_ENABLE_OBJC_WEAK = YES;
				CLANG_WARN_BLOCK_CAPTURE_AUTORELEASING = YES;
				CLANG_WARN_BOOL_CONVERSION = YES;
				CLANG_WARN_COMMA = YES;
				CLANG_WARN_CONSTANT_CONVERSION = YES;
				CLANG_WARN_DEPRECATED_OBJC_IMPLEMENTATIONS = YES;
				CLANG_WARN_DIRECT_OBJC_ISA_USAGE = YES_ERROR;
				CLANG_WARN_DOCUMENTATION_COMMENTS = YES;
				CLANG_WARN_EMPTY_BODY = YES;
				CLANG_WARN_ENUM_CONVERSION = YES;
				CLANG_WARN_INFINITE_RECURSION = YES;
				CLANG_WARN_INT_CONVERSION = YES;
				CLANG_WARN_NON_LITERAL_NULL_CONVERSION = YES;
				CLANG_WARN_OBJC_IMPLICIT_RETAIN_SELF = YES;
				CLANG_WARN_OBJC_LITERAL_CONVERSION = YES;
				CLANG_WARN_OBJC_ROOT_CLASS = YES_ERROR;
				CLANG_WARN_RANGE_LOOP_ANALYSIS = YES;
				CLANG_WARN_STRICT_PROTOTYPES = YES;
				CLANG_WARN_SUSPICIOUS_MOVE = YES;
				CLANG_WARN_UNGUARDED_AVAILABILITY = YES_AGGRESSIVE;
				CLANG_WARN_UNREACHABLE_CODE = YES;
				CLANG_WARN__DUPLICATE_METHOD_MATCH = YES;
				COPY_PHASE_STRIP = NO;
				DEBUG_INFORMATION_FORMAT = "dwarf-with-dsym";
				ENABLE_NS_ASSERTIONS = NO;
				ENABLE_STRICT_OBJC_MSGSEND = YES;
				GCC_C_LANGUAGE_STANDARD = gnu11;
				GCC_NO_COMMON_BLOCKS = YES;
				GCC_WARN_64_TO_32_BIT_CONVERSION = YES;
				GCC_WARN_ABOUT_RETURN_TYPE = YES_ERROR;
				GCC_WARN_UNDECLARED_SELECTOR = YES;
				GCC_WARN_UNINITIALIZED_AUTOS = YES_AGGRESSIVE;
				GCC_WARN_UNUSED_FUNCTION = YES;
				GCC_WARN_UNUSED_VARIABLE = YES;
				IPHONEOS_DEPLOYMENT_TARGET = 13.2;
				MTL_ENABLE_DEBUG_INFO = NO;
				MTL_FAST_MATH = YES;
				SDKROOT = iphoneos;
				SWIFT_COMPILATION_MODE = wholemodule;
				SWIFT_OPTIMIZATION_LEVEL = "-O";
				VALIDATE_PRODUCT = YES;
			};
			name = Release;
		};
		C52EC057241735A500908012 /* Debug */ = {
			isa = XCBuildConfiguration;
			baseConfigurationReference = 6D482823A72CB21ECDAFF9FC /* Pods-Kalendar.debug.xcconfig */;
			buildSettings = {
				ASSETCATALOG_COMPILER_APPICON_NAME = AppIcon;
				CODE_SIGN_STYLE = Automatic;
				DEVELOPMENT_ASSET_PATHS = "\"Kalendar/Preview Content\"";
				ENABLE_PREVIEWS = YES;
				INFOPLIST_FILE = Kalendar/Info.plist;
				LD_RUNPATH_SEARCH_PATHS = (
					"$(inherited)",
					"@executable_path/Frameworks",
				);
				PRODUCT_BUNDLE_IDENTIFIER = JohnIvison.Kalendar;
				PRODUCT_NAME = "$(TARGET_NAME)";
				SWIFT_VERSION = 5.0;
				TARGETED_DEVICE_FAMILY = "1,2";
			};
			name = Debug;
		};
		C52EC058241735A500908012 /* Release */ = {
			isa = XCBuildConfiguration;
			baseConfigurationReference = 5AA123028919F071FDAECA96 /* Pods-Kalendar.release.xcconfig */;
			buildSettings = {
				ASSETCATALOG_COMPILER_APPICON_NAME = AppIcon;
				CODE_SIGN_STYLE = Automatic;
				DEVELOPMENT_ASSET_PATHS = "\"Kalendar/Preview Content\"";
				ENABLE_PREVIEWS = YES;
				INFOPLIST_FILE = Kalendar/Info.plist;
				LD_RUNPATH_SEARCH_PATHS = (
					"$(inherited)",
					"@executable_path/Frameworks",
				);
				PRODUCT_BUNDLE_IDENTIFIER = JohnIvison.Kalendar;
				PRODUCT_NAME = "$(TARGET_NAME)";
				SWIFT_VERSION = 5.0;
				TARGETED_DEVICE_FAMILY = "1,2";
			};
			name = Release;
		};
		C52EC05A241735A500908012 /* Debug */ = {
			isa = XCBuildConfiguration;
			buildSettings = {
				ALWAYS_EMBED_SWIFT_STANDARD_LIBRARIES = YES;
				BUNDLE_LOADER = "$(TEST_HOST)";
				CODE_SIGN_STYLE = Automatic;
				INFOPLIST_FILE = KalendarTests/Info.plist;
				IPHONEOS_DEPLOYMENT_TARGET = 13.2;
				LD_RUNPATH_SEARCH_PATHS = (
					"$(inherited)",
					"@executable_path/Frameworks",
					"@loader_path/Frameworks",
				);
				PRODUCT_BUNDLE_IDENTIFIER = JohnIvison.KalendarTests;
				PRODUCT_NAME = "$(TARGET_NAME)";
				SWIFT_VERSION = 5.0;
				TARGETED_DEVICE_FAMILY = "1,2";
				TEST_HOST = "$(BUILT_PRODUCTS_DIR)/Kalendar.app/Kalendar";
			};
			name = Debug;
		};
		C52EC05B241735A500908012 /* Release */ = {
			isa = XCBuildConfiguration;
			buildSettings = {
				ALWAYS_EMBED_SWIFT_STANDARD_LIBRARIES = YES;
				BUNDLE_LOADER = "$(TEST_HOST)";
				CODE_SIGN_STYLE = Automatic;
				INFOPLIST_FILE = KalendarTests/Info.plist;
				IPHONEOS_DEPLOYMENT_TARGET = 13.2;
				LD_RUNPATH_SEARCH_PATHS = (
					"$(inherited)",
					"@executable_path/Frameworks",
					"@loader_path/Frameworks",
				);
				PRODUCT_BUNDLE_IDENTIFIER = JohnIvison.KalendarTests;
				PRODUCT_NAME = "$(TARGET_NAME)";
				SWIFT_VERSION = 5.0;
				TARGETED_DEVICE_FAMILY = "1,2";
				TEST_HOST = "$(BUILT_PRODUCTS_DIR)/Kalendar.app/Kalendar";
			};
			name = Release;
		};
		C52EC05D241735A500908012 /* Debug */ = {
			isa = XCBuildConfiguration;
			buildSettings = {
				ALWAYS_EMBED_SWIFT_STANDARD_LIBRARIES = YES;
				CODE_SIGN_STYLE = Automatic;
				INFOPLIST_FILE = KalendarUITests/Info.plist;
				LD_RUNPATH_SEARCH_PATHS = (
					"$(inherited)",
					"@executable_path/Frameworks",
					"@loader_path/Frameworks",
				);
				PRODUCT_BUNDLE_IDENTIFIER = JohnIvison.KalendarUITests;
				PRODUCT_NAME = "$(TARGET_NAME)";
				SWIFT_VERSION = 5.0;
				TARGETED_DEVICE_FAMILY = "1,2";
				TEST_TARGET_NAME = Kalendar;
			};
			name = Debug;
		};
		C52EC05E241735A500908012 /* Release */ = {
			isa = XCBuildConfiguration;
			buildSettings = {
				ALWAYS_EMBED_SWIFT_STANDARD_LIBRARIES = YES;
				CODE_SIGN_STYLE = Automatic;
				INFOPLIST_FILE = KalendarUITests/Info.plist;
				LD_RUNPATH_SEARCH_PATHS = (
					"$(inherited)",
					"@executable_path/Frameworks",
					"@loader_path/Frameworks",
				);
				PRODUCT_BUNDLE_IDENTIFIER = JohnIvison.KalendarUITests;
				PRODUCT_NAME = "$(TARGET_NAME)";
				SWIFT_VERSION = 5.0;
				TARGETED_DEVICE_FAMILY = "1,2";
				TEST_TARGET_NAME = Kalendar;
			};
			name = Release;
		};
/* End XCBuildConfiguration section */

/* Begin XCConfigurationList section */
		C52EC0272417359F00908012 /* Build configuration list for PBXProject "Kalendar" */ = {
			isa = XCConfigurationList;
			buildConfigurations = (
				C52EC054241735A500908012 /* Debug */,
				C52EC055241735A500908012 /* Release */,
			);
			defaultConfigurationIsVisible = 0;
			defaultConfigurationName = Release;
		};
		C52EC056241735A500908012 /* Build configuration list for PBXNativeTarget "Kalendar" */ = {
			isa = XCConfigurationList;
			buildConfigurations = (
				C52EC057241735A500908012 /* Debug */,
				C52EC058241735A500908012 /* Release */,
			);
			defaultConfigurationIsVisible = 0;
			defaultConfigurationName = Release;
		};
		C52EC059241735A500908012 /* Build configuration list for PBXNativeTarget "KalendarTests" */ = {
			isa = XCConfigurationList;
			buildConfigurations = (
				C52EC05A241735A500908012 /* Debug */,
				C52EC05B241735A500908012 /* Release */,
			);
			defaultConfigurationIsVisible = 0;
			defaultConfigurationName = Release;
		};
		C52EC05C241735A500908012 /* Build configuration list for PBXNativeTarget "KalendarUITests" */ = {
			isa = XCConfigurationList;
			buildConfigurations = (
				C52EC05D241735A500908012 /* Debug */,
				C52EC05E241735A500908012 /* Release */,
			);
			defaultConfigurationIsVisible = 0;
			defaultConfigurationName = Release;
		};
/* End XCConfigurationList section */
	};
	rootObject = C52EC0242417359F00908012 /* Project object */;
}
